{
  "name": "AI-Powered-Transaction-Analysis-System",
  "lockfileVersion": 3,
  "requires": true,
  "packages": {
    "": {
      "dependencies": {
        "@stackbit/types": "^2.1.12",
        "web-vitals": "^4.2.4"
      },
      "devDependencies": {
        "typescript": "^5.7.3"
      }
    },
    "node_modules/@stackbit/types": {
      "version": "2.1.12",
      "resolved": "https://registry.npmjs.org/@stackbit/types/-/types-2.1.12.tgz",
      "integrity": "sha512-2LKVeoq99pQLX0OOxevL2Smke9yIdc7ZHOPng8TTou6dh5H/gevQPB99KNt/1J2LfJsNI9wZEBCwEL9t+xQJag==",
      "license": "MIT"
    },
    "node_modules/typescript": {
      "version": "5.7.3",
      "resolved": "https://registry.npmjs.org/typescript/-/typescript-5.7.3.tgz",
      "integrity": "sha512-84MVSjMEHP+FQRPy3pX9sTVV/INIex71s9TL2Gm5FG/WG1SqXeKyZ0k7/blY/4FdOzI12CBy1vGc4og/eus0fw==",
      "dev": true,
      "license": "Apache-2.0",
      "bin": {
        "tsc": "bin/tsc",
        "tsserver": "bin/tsserver"
      },
      "engines": {
        "node": ">=14.17"
      }
    },
    "node_modules/web-vitals": {
      "version": "4.2.4",
      "resolved": "https://registry.npmjs.org/web-vitals/-/web-vitals-4.2.4.tgz",
      "integrity": "sha512-r4DIlprAGwJ7YM11VZp4R884m0Vmgr6EAKe3P+kO0PPj3Unqyvv59rczf6UiGcb9Z8QxZVcqKNwv/g0WNdWwsw==",
      "license": "Apache-2.0"
    }
  }
}
